
Microsoft Visual Studio Solution File, Format Version 12.00
Project("{FAE04EC0-301F-11D3-BF4B-00C04F79EFBC}") = "NumericCollection", "NumericCollection\NumericCollection.csproj", "{DD38C3F7-9BB1-4B06-8DCC-46815680A902}"
EndProject
Project("{FAE04EC0-301F-11D3-BF4B-00C04F79EFBC}") = "NumericCollectionTest", "NumericCollectionTest\NumericCollectionTest.csproj", "{C4776937-4D12-492B-8E71-3512977E4BB0}"
EndProject
Global
	GlobalSection(SolutionConfigurationPlatforms) = preSolution
		Debug|Any CPU = Debug|Any CPU
		Release|Any CPU = Release|Any CPU
	EndGlobalSection
	GlobalSection(ProjectConfigurationPlatforms) = postSolution
		{DD38C3F7-9BB1-4B06-8DCC-46815680A902}.Debug|Any CPU.ActiveCfg = Debug|Any CPU
		{DD38C3F7-9BB1-4B06-8DCC-46815680A902}.Debug|Any CPU.Build.0 = Debug|Any CPU
		{DD38C3F7-9BB1-4B06-8DCC-46815680A902}.Release|Any CPU.ActiveCfg = Release|Any CPU
		{DD38C3F7-9BB1-4B06-8DCC-46815680A902}.Release|Any CPU.Build.0 = Release|Any CPU
		{C4776937-4D12-492B-8E71-3512977E4BB0}.Debug|Any CPU.ActiveCfg = Debug|Any CPU
		{C4776937-4D12-492B-8E71-3512977E4BB0}.Debug|Any CPU.Build.0 = Debug|Any CPU
		{C4776937-4D12-492B-8E71-3512977E4BB0}.Release|Any CPU.ActiveCfg = Release|Any CPU
		{C4776937-4D12-492B-8E71-3512977E4BB0}.Release|Any CPU.Build.0 = Release|Any CPU
	EndGlobalSection
EndGlobal
